
Microsoft Visual Studio Solution File, Format Version 12.00
# Visual Studio Version 16
VisualStudioVersion = 16.0.29911.84
MinimumVisualStudioVersion = 10.0.40219.1
Project("{9A19103F-16F7-4668-BE54-9A1E7A4F7556}") = "ContactsApp", "ContactsApp\ContactsApp.csproj", "{29A7C37F-A59C-4BFF-AFFB-40B78532285F}"
EndProject
Project("{FAE04EC0-301F-11D3-BF4B-00C04F79EFBC}") = "UnitTests", "UnitTests\UnitTests.csproj", "{8E08016A-7310-4479-907B-6998D6830DCF}"
EndProject
Global
	GlobalSection(SolutionConfigurationPlatforms) = preSolution
		Debug|Any CPU = Debug|Any CPU
		Release|Any CPU = Release|Any CPU
	EndGlobalSection
	GlobalSection(ProjectConfigurationPlatforms) = postSolution
		{29A7C37F-A59C-4BFF-AFFB-40B78532285F}.Debug|Any CPU.ActiveCfg = Debug|Any CPU
		{29A7C37F-A59C-4BFF-AFFB-40B78532285F}.Debug|Any CPU.Build.0 = Debug|Any CPU
		{29A7C37F-A59C-4BFF-AFFB-40B78532285F}.Release|Any CPU.ActiveCfg = Release|Any CPU
		{29A7C37F-A59C-4BFF-AFFB-40B78532285F}.Release|Any CPU.Build.0 = Release|Any CPU
		{8E08016A-7310-4479-907B-6998D6830DCF}.Debug|Any CPU.ActiveCfg = Debug|Any CPU
		{8E08016A-7310-4479-907B-6998D6830DCF}.Debug|Any CPU.Build.0 = Debug|Any CPU
		{8E08016A-7310-4479-907B-6998D6830DCF}.Release|Any CPU.ActiveCfg = Release|Any CPU
		{8E08016A-7310-4479-907B-6998D6830DCF}.Release|Any CPU.Build.0 = Release|Any CPU
	EndGlobalSection
	GlobalSection(SolutionProperties) = preSolution
		HideSolutionNode = FALSE
	EndGlobalSection
	GlobalSection(ExtensibilityGlobals) = postSolution
		SolutionGuid = {E7F3425D-650C-42FA-88E4-850831B7CD18}
	EndGlobalSection
EndGlobal
